
Microsoft Visual Studio Solution File, Format Version 12.00
# Visual Studio Version 17
VisualStudioVersion = 17.1.32319.34
MinimumVisualStudioVersion = 10.0.40219.1
Project("{9A19103F-16F7-4668-BE54-9A1E7A4F7556}") = "DevApp", "DevApp\DevApp.csproj", "{876D9975-7474-4871-8C7D-9E89D286C5F5}"
EndProject
Project("{9A19103F-16F7-4668-BE54-9A1E7A4F7556}") = "Excelam", "Excelam\Excelam.csproj", "{4B3D80AB-ECF5-4D4E-B8EE-95FAFEC51B85}"
EndProject
Project("{FAE04EC0-301F-11D3-BF4B-00C04F79EFBC}") = "Excelam.Tests", "Excelam.Tests\Excelam.Tests.csproj", "{73608D59-C270-4C34-8297-55F79092A635}"
EndProject
Global
	GlobalSection(SolutionConfigurationPlatforms) = preSolution
		Debug|Any CPU = Debug|Any CPU
		Release|Any CPU = Release|Any CPU
	EndGlobalSection
	GlobalSection(ProjectConfigurationPlatforms) = postSolution
		{876D9975-7474-4871-8C7D-9E89D286C5F5}.Debug|Any CPU.ActiveCfg = Debug|Any CPU
		{876D9975-7474-4871-8C7D-9E89D286C5F5}.Debug|Any CPU.Build.0 = Debug|Any CPU
		{876D9975-7474-4871-8C7D-9E89D286C5F5}.Release|Any CPU.ActiveCfg = Release|Any CPU
		{876D9975-7474-4871-8C7D-9E89D286C5F5}.Release|Any CPU.Build.0 = Release|Any CPU
		{4B3D80AB-ECF5-4D4E-B8EE-95FAFEC51B85}.Debug|Any CPU.ActiveCfg = Debug|Any CPU
		{4B3D80AB-ECF5-4D4E-B8EE-95FAFEC51B85}.Debug|Any CPU.Build.0 = Debug|Any CPU
		{4B3D80AB-ECF5-4D4E-B8EE-95FAFEC51B85}.Release|Any CPU.ActiveCfg = Release|Any CPU
		{4B3D80AB-ECF5-4D4E-B8EE-95FAFEC51B85}.Release|Any CPU.Build.0 = Release|Any CPU
		{73608D59-C270-4C34-8297-55F79092A635}.Debug|Any CPU.ActiveCfg = Debug|Any CPU
		{73608D59-C270-4C34-8297-55F79092A635}.Debug|Any CPU.Build.0 = Debug|Any CPU
		{73608D59-C270-4C34-8297-55F79092A635}.Release|Any CPU.ActiveCfg = Release|Any CPU
		{73608D59-C270-4C34-8297-55F79092A635}.Release|Any CPU.Build.0 = Release|Any CPU
	EndGlobalSection
	GlobalSection(SolutionProperties) = preSolution
		HideSolutionNode = FALSE
	EndGlobalSection
	GlobalSection(ExtensibilityGlobals) = postSolution
		SolutionGuid = {B444F01F-4126-4E4E-92BC-55A92EAE5AC3}
	EndGlobalSection
EndGlobal
